
Microsoft Visual Studio Solution File, Format Version 12.00
# Visual Studio 15
VisualStudioVersion = 15.0.27130.2010
MinimumVisualStudioVersion = 10.0.40219.1
Project("{FAE04EC0-301F-11D3-BF4B-00C04F79EFBC}") = "MM.View", "MM.View\MM.View.csproj", "{32894F18-ED62-4EDA-AA27-5338AC4025C4}"
EndProject
Project("{FAE04EC0-301F-11D3-BF4B-00C04F79EFBC}") = "MM.Model", "MM.Model\MM.Model.csproj", "{77C5607C-486D-4A40-A51F-C70C7983A05F}"
EndProject
Project("{FAE04EC0-301F-11D3-BF4B-00C04F79EFBC}") = "MM.Utilities", "MM.Utilities\MM.Utilities.csproj", "{5F566A6C-AE23-400C-BEA2-D1D950987503}"
EndProject
Global
	GlobalSection(SolutionConfigurationPlatforms) = preSolution
		Debug|Any CPU = Debug|Any CPU
		Release|Any CPU = Release|Any CPU
	EndGlobalSection
	GlobalSection(ProjectConfigurationPlatforms) = postSolution
		{32894F18-ED62-4EDA-AA27-5338AC4025C4}.Debug|Any CPU.ActiveCfg = Debug|Any CPU
		{32894F18-ED62-4EDA-AA27-5338AC4025C4}.Debug|Any CPU.Build.0 = Debug|Any CPU
		{32894F18-ED62-4EDA-AA27-5338AC4025C4}.Release|Any CPU.ActiveCfg = Release|Any CPU
		{32894F18-ED62-4EDA-AA27-5338AC4025C4}.Release|Any CPU.Build.0 = Release|Any CPU
		{77C5607C-486D-4A40-A51F-C70C7983A05F}.Debug|Any CPU.ActiveCfg = Debug|Any CPU
		{77C5607C-486D-4A40-A51F-C70C7983A05F}.Debug|Any CPU.Build.0 = Debug|Any CPU
		{77C5607C-486D-4A40-A51F-C70C7983A05F}.Release|Any CPU.ActiveCfg = Release|Any CPU
		{77C5607C-486D-4A40-A51F-C70C7983A05F}.Release|Any CPU.Build.0 = Release|Any CPU
		{5F566A6C-AE23-400C-BEA2-D1D950987503}.Debug|Any CPU.ActiveCfg = Debug|Any CPU
		{5F566A6C-AE23-400C-BEA2-D1D950987503}.Debug|Any CPU.Build.0 = Debug|Any CPU
		{5F566A6C-AE23-400C-BEA2-D1D950987503}.Release|Any CPU.ActiveCfg = Release|Any CPU
		{5F566A6C-AE23-400C-BEA2-D1D950987503}.Release|Any CPU.Build.0 = Release|Any CPU
	EndGlobalSection
	GlobalSection(SolutionProperties) = preSolution
		HideSolutionNode = FALSE
	EndGlobalSection
	GlobalSection(ExtensibilityGlobals) = postSolution
		SolutionGuid = {52522527-1B1A-4DF9-AC4E-DB7EB200D0B5}
	EndGlobalSection
EndGlobal
